PODS:
  - Masonry (1.1.0)
  - SDWebImage (5.10.2):
    - SDWebImage/Core (= 5.10.2)
  - SDWebImage/Core (5.10.2)
  - WLToastView (0.0.2):
    - Masonry
    - SDWebImage

DEPENDENCIES:
  - WLToastView (from `../`)

SPEC REPOS:
  https://github.com/CocoaPods/Specs.git:
    - Masonry
    - SDWebImage

EXTERNAL SOURCES:
  WLToastView:
    :path: "../"

SPEC CHECKSUMS:
  Masonry: 678fab65091a9290e40e2832a55e7ab731aad201
  SDWebImage: b969dcfc02c40a5da71eac0b03b8f1a0c794a86f
  WLToastView: 19387fbcd8ee5444e0ddeaf04961d548979fa7b4

PODFILE CHECKSUM: 322d1da5a6400b244ad99a15dc19f69382a46ca3

COCOAPODS: 1.10.0
