PODS:
  - Masonry (1.1.0)
  - SDWebImage (5.10.2):
    - SDWebImage/Core (= 5.10.2)
  - SDWebImage/Core (5.10.2)
  - WLToastView (0.0.1):
    - Masonry
    - SDWebImage

DEPENDENCIES:
  - WLToastView (from `../`)

SPEC REPOS:
  https://github.com/CocoaPods/Specs.git:
    - Masonry
    - SDWebImage

EXTERNAL SOURCES:
  WLToastView:
    :path: "../"

SPEC CHECKSUMS:
  Masonry: 678fab65091a9290e40e2832a55e7ab731aad201
  SDWebImage: b969dcfc02c40a5da71eac0b03b8f1a0c794a86f
  WLToastView: efc92feac4b7ea8a32e58401ac45d7c197aed43f

PODFILE CHECKSUM: e73fcbd7cbaa2353840dc6105064daef1587fe75

COCOAPODS: 1.10.0
